
Microsoft Visual Studio Solution File, Format Version 12.00
# Visual Studio 15
VisualStudioVersion = 15.0.28307.779
MinimumVisualStudioVersion = 10.0.40219.1
Project("{FAE04EC0-301F-11D3-BF4B-00C04F79EFBC}") = "MessageClient", "MessageClient.csproj", "{7D1B83C0-7EF7-4F2E-8297-B8F163F6A21C}"
EndProject
Global
	GlobalSection(SolutionConfigurationPlatforms) = preSolution
		Debug|Any CPU = Debug|Any CPU
		Release|Any CPU = Release|Any CPU
	EndGlobalSection
	GlobalSection(ProjectConfigurationPlatforms) = postSolution
		{7D1B83C0-7EF7-4F2E-8297-B8F163F6A21C}.Debug|Any CPU.ActiveCfg = Debug|Any CPU
		{7D1B83C0-7EF7-4F2E-8297-B8F163F6A21C}.Debug|Any CPU.Build.0 = Debug|Any CPU
		{7D1B83C0-7EF7-4F2E-8297-B8F163F6A21C}.Release|Any CPU.ActiveCfg = Release|Any CPU
		{7D1B83C0-7EF7-4F2E-8297-B8F163F6A21C}.Release|Any CPU.Build.0 = Release|Any CPU
	EndGlobalSection
	GlobalSection(SolutionProperties) = preSolution
		HideSolutionNode = FALSE
	EndGlobalSection
	GlobalSection(ExtensibilityGlobals) = postSolution
		SolutionGuid = {B6F1B899-217A-4689-B03E-A2B44A9EAA79}
	EndGlobalSection
EndGlobal
